{
  "originHash" : "7d5bf7dd2cfeaba990fefab3c8138e8cb9956b8beb0421910f1c38f9aa7ce22c",
  "pins" : [
    {
      "identity" : "swiftlintplugins",
      "kind" : "remoteSourceControl",
      "location" : "https://github.com/SimplyDanny/SwiftLintPlugins",
      "state" : {
        "revision" : "18d8d2d18e1668006d1d209e0b5f5e06c1da7cb5",
        "version" : "0.63.3"
      }
    },
    {
      "identity" : "webrtc-xcframework",
      "kind" : "remoteSourceControl",
      "location" : "https://github.com/livekit/webrtc-xcframework.git",
      "state" : {
        "revision" : "0cdbbd1731050137dd7f3678c8ee626e1a32570c",
        "version" : "137.7151.13"
      }
    }
  ],
  "version" : 3
}
